
Microsoft Visual Studio Solution File, Format Version 12.00
Project("{2150E333-8FDC-42A3-9474-1A3956D46DE8}") = "src", "src", "{F0AE5F7B-E81B-4F84-BC95-569DD51AD145}"
EndProject
Project("{2150E333-8FDC-42A3-9474-1A3956D46DE8}") = "Tests", "Tests", "{2CF8FDD5-CBA8-45FC-8C5F-93F784FD9AAF}"
EndProject
Project("{FAE04EC0-301F-11D3-BF4B-00C04F79EFBC}") = "Tests", "src\Tests\Tests\Tests.csproj", "{5315D007-FBF7-459A-8CC0-68C1D2EC7638}"
EndProject
Project("{2150E333-8FDC-42A3-9474-1A3956D46DE8}") = "Library", "Library", "{83545E76-624F-4214-B86A-F0024A435183}"
EndProject
Project("{2150E333-8FDC-42A3-9474-1A3956D46DE8}") = "Database", "Database", "{34B28EDA-2ABE-43D7-BDA7-E9A3AA3A9ED5}"
EndProject
Project("{2150E333-8FDC-42A3-9474-1A3956D46DE8}") = "Password", "Password", "{CFCEDFC5-BDC6-4772-9328-09485D531A7A}"
EndProject
Project("{FAE04EC0-301F-11D3-BF4B-00C04F79EFBC}") = "Database", "src\Database\Database.csproj", "{1B48B5BE-8670-454F-ABFC-83BC06B8CC35}"
EndProject
Project("{FAE04EC0-301F-11D3-BF4B-00C04F79EFBC}") = "MyPasswordGenLibrary", "src\MyPasswordGenLibrary\MyPasswordGenLibrary.csproj", "{9E0456CA-25F0-4B2C-BDA7-9D1A0C93EC45}"
EndProject
Project("{2150E333-8FDC-42A3-9474-1A3956D46DE8}") = "Project", "Project", "{A2B89F1D-EC48-4682-A58D-E4FF28896BE9}"
EndProject
Project("{FAE04EC0-301F-11D3-BF4B-00C04F79EFBC}") = "PasswordGenApp", "src\App\PasswordGenApp\PasswordGenApp\PasswordGenApp.csproj", "{FCB92665-D6BB-4F14-9110-0C38334AA1D7}"
EndProject
Project("{FAE04EC0-301F-11D3-BF4B-00C04F79EFBC}") = "PasswordGenApp.Android", "src\App\PasswordGenApp\PasswordGenApp.Android\PasswordGenApp.Android.csproj", "{8CF0CFC7-042E-4A0D-A65C-6BF6FA5C15DF}"
EndProject
Project("{FAE04EC0-301F-11D3-BF4B-00C04F79EFBC}") = "PasswordGenApp.Desktop", "src\App\PasswordGenApp\PasswordGenApp.Desktop\PasswordGenApp.Desktop.csproj", "{905EFA9C-6152-46E6-A750-F78768C9DF87}"
EndProject
Project("{FAE04EC0-301F-11D3-BF4B-00C04F79EFBC}") = "PasswordGenApp.iOS", "src\App\PasswordGenApp\PasswordGenApp.iOS\PasswordGenApp.iOS.csproj", "{EC67507F-A80C-43FA-A083-D9612DB9F15E}"
EndProject
Global
	GlobalSection(SolutionConfigurationPlatforms) = preSolution
		Debug|Any CPU = Debug|Any CPU
		Release|Any CPU = Release|Any CPU
	EndGlobalSection
	GlobalSection(ProjectConfigurationPlatforms) = postSolution
		{5315D007-FBF7-459A-8CC0-68C1D2EC7638}.Debug|Any CPU.ActiveCfg = Debug|Any CPU
		{5315D007-FBF7-459A-8CC0-68C1D2EC7638}.Debug|Any CPU.Build.0 = Debug|Any CPU
		{5315D007-FBF7-459A-8CC0-68C1D2EC7638}.Release|Any CPU.ActiveCfg = Release|Any CPU
		{5315D007-FBF7-459A-8CC0-68C1D2EC7638}.Release|Any CPU.Build.0 = Release|Any CPU
		{1B48B5BE-8670-454F-ABFC-83BC06B8CC35}.Debug|Any CPU.ActiveCfg = Debug|Any CPU
		{1B48B5BE-8670-454F-ABFC-83BC06B8CC35}.Debug|Any CPU.Build.0 = Debug|Any CPU
		{1B48B5BE-8670-454F-ABFC-83BC06B8CC35}.Release|Any CPU.ActiveCfg = Release|Any CPU
		{1B48B5BE-8670-454F-ABFC-83BC06B8CC35}.Release|Any CPU.Build.0 = Release|Any CPU
		{9E0456CA-25F0-4B2C-BDA7-9D1A0C93EC45}.Debug|Any CPU.ActiveCfg = Debug|Any CPU
		{9E0456CA-25F0-4B2C-BDA7-9D1A0C93EC45}.Debug|Any CPU.Build.0 = Debug|Any CPU
		{9E0456CA-25F0-4B2C-BDA7-9D1A0C93EC45}.Release|Any CPU.ActiveCfg = Release|Any CPU
		{9E0456CA-25F0-4B2C-BDA7-9D1A0C93EC45}.Release|Any CPU.Build.0 = Release|Any CPU
		{FCB92665-D6BB-4F14-9110-0C38334AA1D7}.Debug|Any CPU.ActiveCfg = Debug|Any CPU
		{FCB92665-D6BB-4F14-9110-0C38334AA1D7}.Debug|Any CPU.Build.0 = Debug|Any CPU
		{FCB92665-D6BB-4F14-9110-0C38334AA1D7}.Release|Any CPU.ActiveCfg = Release|Any CPU
		{FCB92665-D6BB-4F14-9110-0C38334AA1D7}.Release|Any CPU.Build.0 = Release|Any CPU
		{8CF0CFC7-042E-4A0D-A65C-6BF6FA5C15DF}.Debug|Any CPU.ActiveCfg = Debug|Any CPU
		{8CF0CFC7-042E-4A0D-A65C-6BF6FA5C15DF}.Debug|Any CPU.Build.0 = Debug|Any CPU
		{8CF0CFC7-042E-4A0D-A65C-6BF6FA5C15DF}.Release|Any CPU.ActiveCfg = Release|Any CPU
		{8CF0CFC7-042E-4A0D-A65C-6BF6FA5C15DF}.Release|Any CPU.Build.0 = Release|Any CPU
		{905EFA9C-6152-46E6-A750-F78768C9DF87}.Debug|Any CPU.ActiveCfg = Debug|Any CPU
		{905EFA9C-6152-46E6-A750-F78768C9DF87}.Debug|Any CPU.Build.0 = Debug|Any CPU
		{905EFA9C-6152-46E6-A750-F78768C9DF87}.Release|Any CPU.ActiveCfg = Release|Any CPU
		{905EFA9C-6152-46E6-A750-F78768C9DF87}.Release|Any CPU.Build.0 = Release|Any CPU
		{EC67507F-A80C-43FA-A083-D9612DB9F15E}.Debug|Any CPU.ActiveCfg = Debug|Any CPU
		{EC67507F-A80C-43FA-A083-D9612DB9F15E}.Debug|Any CPU.Build.0 = Debug|Any CPU
		{EC67507F-A80C-43FA-A083-D9612DB9F15E}.Release|Any CPU.ActiveCfg = Release|Any CPU
		{EC67507F-A80C-43FA-A083-D9612DB9F15E}.Release|Any CPU.Build.0 = Release|Any CPU
	EndGlobalSection
	GlobalSection(NestedProjects) = preSolution
		{2CF8FDD5-CBA8-45FC-8C5F-93F784FD9AAF} = {F0AE5F7B-E81B-4F84-BC95-569DD51AD145}
		{5315D007-FBF7-459A-8CC0-68C1D2EC7638} = {2CF8FDD5-CBA8-45FC-8C5F-93F784FD9AAF}
		{83545E76-624F-4214-B86A-F0024A435183} = {F0AE5F7B-E81B-4F84-BC95-569DD51AD145}
		{34B28EDA-2ABE-43D7-BDA7-E9A3AA3A9ED5} = {83545E76-624F-4214-B86A-F0024A435183}
		{CFCEDFC5-BDC6-4772-9328-09485D531A7A} = {83545E76-624F-4214-B86A-F0024A435183}
		{1B48B5BE-8670-454F-ABFC-83BC06B8CC35} = {34B28EDA-2ABE-43D7-BDA7-E9A3AA3A9ED5}
		{9E0456CA-25F0-4B2C-BDA7-9D1A0C93EC45} = {CFCEDFC5-BDC6-4772-9328-09485D531A7A}
		{A2B89F1D-EC48-4682-A58D-E4FF28896BE9} = {F0AE5F7B-E81B-4F84-BC95-569DD51AD145}
		{FCB92665-D6BB-4F14-9110-0C38334AA1D7} = {A2B89F1D-EC48-4682-A58D-E4FF28896BE9}
		{8CF0CFC7-042E-4A0D-A65C-6BF6FA5C15DF} = {A2B89F1D-EC48-4682-A58D-E4FF28896BE9}
		{905EFA9C-6152-46E6-A750-F78768C9DF87} = {A2B89F1D-EC48-4682-A58D-E4FF28896BE9}
		{EC67507F-A80C-43FA-A083-D9612DB9F15E} = {A2B89F1D-EC48-4682-A58D-E4FF28896BE9}
	EndGlobalSection
EndGlobal
